// !$*UTF8*$!
{
	archiveVersion = 1;
	classes = {
	};
	objectVersion = 46;
	objects = {

/* Begin PBXBuildFile section */
		4F2685D56465B54DABBEE9E4 /* libPods.a in Frameworks */ = {isa = PBXBuildFile; fileRef = B804BDD271057CCFABFBA517 /* libPods.a */; };
		872043F61B2B14B2001526AD /* CVCalendarKitExtensions.swift in Sources */ = {isa = PBXBuildFile; fileRef = 872043F41B2B14B2001526AD /* CVCalendarKitExtensions.swift */; };
		872043F71B2B14B2001526AD /* CVCalendarKitOperators.swift in Sources */ = {isa = PBXBuildFile; fileRef = 872043F51B2B14B2001526AD /* CVCalendarKitOperators.swift */; };
		875096621B2887480002B5FB /* AppDelegate.swift in Sources */ = {isa = PBXBuildFile; fileRef = 875096611B2887480002B5FB /* AppDelegate.swift */; };
		875096691B2887480002B5FB /* Images.xcassets in Resources */ = {isa = PBXBuildFile; fileRef = 875096681B2887480002B5FB /* Images.xcassets */; };
		8750966C1B2887480002B5FB /* LaunchScreen.xib in Resources */ = {isa = PBXBuildFile; fileRef = 8750966A1B2887480002B5FB /* LaunchScreen.xib */; };
		875096781B2887480002B5FB /* EveTests.swift in Sources */ = {isa = PBXBuildFile; fileRef = 875096771B2887480002B5FB /* EveTests.swift */; };
		A90F70711B3B436A00F806D7 /* InstructionView.swift in Sources */ = {isa = PBXBuildFile; fileRef = A90F70701B3B436A00F806D7 /* InstructionView.swift */; };
		A90F70751B3B6FD600F806D7 /* InitialCalendarViewController.swift in Sources */ = {isa = PBXBuildFile; fileRef = A90F70741B3B6FD600F806D7 /* InitialCalendarViewController.swift */; };
		A90F70791B3B88ED00F806D7 /* NewDateCell.swift in Sources */ = {isa = PBXBuildFile; fileRef = A90F70781B3B88ED00F806D7 /* NewDateCell.swift */; };
		A90F707B1B3BA03200F806D7 /* NewMonthReusableView.swift in Sources */ = {isa = PBXBuildFile; fileRef = A90F707A1B3BA03200F806D7 /* NewMonthReusableView.swift */; };
		A96BB0A91B39E6DE005271C2 /* SettingsViewController.swift in Sources */ = {isa = PBXBuildFile; fileRef = A96BB0A81B39E6DE005271C2 /* SettingsViewController.swift */; };
		A96BB0B11B3A39E8005271C2 /* SavedDataManager.swift in Sources */ = {isa = PBXBuildFile; fileRef = A96BB0B01B3A39E8005271C2 /* SavedDataManager.swift */; };
		A9AE38751B44C3EB0028839A /* Main.storyboard in Resources */ = {isa = PBXBuildFile; fileRef = A9AE38741B44C3EB0028839A /* Main.storyboard */; };
		A9C01E7E1B441D860038CC73 /* CalendarViewController.swift in Sources */ = {isa = PBXBuildFile; fileRef = A9C01E7D1B441D860038CC73 /* CalendarViewController.swift */; };
		A9C01E801B443F380038CC73 /* DetailViewController.swift in Sources */ = {isa = PBXBuildFile; fileRef = A9C01E7F1B443F380038CC73 /* DetailViewController.swift */; };
		A9C034D21B399100001F0F5A /* CalendarCollectionView.swift in Sources */ = {isa = PBXBuildFile; fileRef = A9C034D11B399100001F0F5A /* CalendarCollectionView.swift */; };
		A9C034D41B3991FF001F0F5A /* Constants.swift in Sources */ = {isa = PBXBuildFile; fileRef = A9C034D31B3991FF001F0F5A /* Constants.swift */; };
		A9C034DC1B399E00001F0F5A /* CalendarClass.swift in Sources */ = {isa = PBXBuildFile; fileRef = A9C034DB1B399E00001F0F5A /* CalendarClass.swift */; };
		A9C034DE1B39B47F001F0F5A /* CalendarViewFlowLayout.swift in Sources */ = {isa = PBXBuildFile; fileRef = A9C034DD1B39B47F001F0F5A /* CalendarViewFlowLayout.swift */; };
		A9CE76901B3C36410072ABE0 /* MenstrualCycleClass.swift in Sources */ = {isa = PBXBuildFile; fileRef = A9CE768F1B3C36410072ABE0 /* MenstrualCycleClass.swift */; };
		A9CE76921B3CA7340072ABE0 /* MenstruationCycleDate.swift in Sources */ = {isa = PBXBuildFile; fileRef = A9CE76911B3CA7340072ABE0 /* MenstruationCycleDate.swift */; };
		A9FB8DD11B41A07700FE484D /* CycleNotifications.swift in Sources */ = {isa = PBXBuildFile; fileRef = A9FB8DD01B41A07700FE484D /* CycleNotifications.swift */; };
/* End PBXBuildFile section */

/* Begin PBXContainerItemProxy section */
		875096721B2887480002B5FB /* PBXContainerItemProxy */ = {
			isa = PBXContainerItemProxy;
			containerPortal = 875096541B2887480002B5FB /* Project object */;
			proxyType = 1;
			remoteGlobalIDString = 8750965B1B2887480002B5FB;
			remoteInfo = Eve;
		};
/* End PBXContainerItemProxy section */

/* Begin PBXFileReference section */
		8705FD6F1B28880200015A62 /* Eve-Bridging-Header.h */ = {isa = PBXFileReference; lastKnownFileType = sourcecode.c.h; path = "Eve-Bridging-Header.h"; sourceTree = "<group>"; };
		872043EF1B2B0CB5001526AD /* CVCalendarKit.framework */ = {isa = PBXFileReference; lastKnownFileType = wrapper.framework; name = CVCalendarKit.framework; path = "Pods/../build/Debug-iphoneos/Pods/CVCalendarKit.framework"; sourceTree = "<group>"; };
		872043F41B2B14B2001526AD /* CVCalendarKitExtensions.swift */ = {isa = PBXFileReference; fileEncoding = 4; lastKnownFileType = sourcecode.swift; name = CVCalendarKitExtensions.swift; path = "../../../../Downloads/CVCalendarKit-master/CVCalendarKit/CVCalendarKitExtensions.swift"; sourceTree = "<group>"; };
		872043F51B2B14B2001526AD /* CVCalendarKitOperators.swift */ = {isa = PBXFileReference; fileEncoding = 4; lastKnownFileType = sourcecode.swift; name = CVCalendarKitOperators.swift; path = "../../../../Downloads/CVCalendarKit-master/CVCalendarKit/CVCalendarKitOperators.swift"; sourceTree = "<group>"; };
		8750965C1B2887480002B5FB /* Eve.app */ = {isa = PBXFileReference; explicitFileType = wrapper.application; includeInIndex = 0; path = Eve.app; sourceTree = BUILT_PRODUCTS_DIR; };
		875096601B2887480002B5FB /* Info.plist */ = {isa = PBXFileReference; lastKnownFileType = text.plist.xml; path = Info.plist; sourceTree = "<group>"; };
		875096611B2887480002B5FB /* AppDelegate.swift */ = {isa = PBXFileReference; lastKnownFileType = sourcecode.swift; path = AppDelegate.swift; sourceTree = "<group>"; };
		875096681B2887480002B5FB /* Images.xcassets */ = {isa = PBXFileReference; lastKnownFileType = folder.assetcatalog; path = Images.xcassets; sourceTree = "<group>"; };
		8750966B1B2887480002B5FB /* Base */ = {isa = PBXFileReference; lastKnownFileType = file.xib; name = Base; path = Base.lproj/LaunchScreen.xib; sourceTree = "<group>"; };
		875096711B2887480002B5FB /* EveTests.xctest */ = {isa = PBXFileReference; explicitFileType = wrapper.cfbundle; includeInIndex = 0; path = EveTests.xctest; sourceTree = BUILT_PRODUCTS_DIR; };
		875096761B2887480002B5FB /* Info.plist */ = {isa = PBXFileReference; lastKnownFileType = text.plist.xml; path = Info.plist; sourceTree = "<group>"; };
		875096771B2887480002B5FB /* EveTests.swift */ = {isa = PBXFileReference; lastKnownFileType = sourcecode.swift; path = EveTests.swift; sourceTree = "<group>"; };
		A01E6E5F51A603DB338A4873 /* Pods.release.xcconfig */ = {isa = PBXFileReference; includeInIndex = 1; lastKnownFileType = text.xcconfig; name = Pods.release.xcconfig; path = "Pods/Target Support Files/Pods/Pods.release.xcconfig"; sourceTree = "<group>"; };
		A90F70701B3B436A00F806D7 /* InstructionView.swift */ = {isa = PBXFileReference; fileEncoding = 4; lastKnownFileType = sourcecode.swift; path = InstructionView.swift; sourceTree = "<group>"; };
		A90F70741B3B6FD600F806D7 /* InitialCalendarViewController.swift */ = {isa = PBXFileReference; fileEncoding = 4; lastKnownFileType = sourcecode.swift; path = InitialCalendarViewController.swift; sourceTree = "<group>"; };
		A90F70781B3B88ED00F806D7 /* NewDateCell.swift */ = {isa = PBXFileReference; fileEncoding = 4; lastKnownFileType = sourcecode.swift; path = NewDateCell.swift; sourceTree = "<group>"; };
		A90F707A1B3BA03200F806D7 /* NewMonthReusableView.swift */ = {isa = PBXFileReference; fileEncoding = 4; lastKnownFileType = sourcecode.swift; path = NewMonthReusableView.swift; sourceTree = "<group>"; };
		A96BB0A81B39E6DE005271C2 /* SettingsViewController.swift */ = {isa = PBXFileReference; fileEncoding = 4; lastKnownFileType = sourcecode.swift; path = SettingsViewController.swift; sourceTree = "<group>"; };
		A96BB0B01B3A39E8005271C2 /* SavedDataManager.swift */ = {isa = PBXFileReference; fileEncoding = 4; lastKnownFileType = sourcecode.swift; lineEnding = 0; path = SavedDataManager.swift; sourceTree = "<group>"; };
		A9AE38741B44C3EB0028839A /* Main.storyboard */ = {isa = PBXFileReference; fileEncoding = 4; lastKnownFileType = file.storyboard; path = Main.storyboard; sourceTree = "<group>"; };
		A9C01E7D1B441D860038CC73 /* CalendarViewController.swift */ = {isa = PBXFileReference; fileEncoding = 4; lastKnownFileType = sourcecode.swift; path = CalendarViewController.swift; sourceTree = "<group>"; };
		A9C01E7F1B443F380038CC73 /* DetailViewController.swift */ = {isa = PBXFileReference; fileEncoding = 4; lastKnownFileType = sourcecode.swift; path = DetailViewController.swift; sourceTree = "<group>"; };
		A9C034D11B399100001F0F5A /* CalendarCollectionView.swift */ = {isa = PBXFileReference; fileEncoding = 4; lastKnownFileType = sourcecode.swift; path = CalendarCollectionView.swift; sourceTree = "<group>"; };
		A9C034D31B3991FF001F0F5A /* Constants.swift */ = {isa = PBXFileReference; fileEncoding = 4; lastKnownFileType = sourcecode.swift; path = Constants.swift; sourceTree = "<group>"; };
		A9C034DB1B399E00001F0F5A /* CalendarClass.swift */ = {isa = PBXFileReference; fileEncoding = 4; lastKnownFileType = sourcecode.swift; path = CalendarClass.swift; sourceTree = "<group>"; };
		A9C034DD1B39B47F001F0F5A /* CalendarViewFlowLayout.swift */ = {isa = PBXFileReference; fileEncoding = 4; lastKnownFileType = sourcecode.swift; path = CalendarViewFlowLayout.swift; sourceTree = "<group>"; };
		A9CE768F1B3C36410072ABE0 /* MenstrualCycleClass.swift */ = {isa = PBXFileReference; fileEncoding = 4; lastKnownFileType = sourcecode.swift; path = MenstrualCycleClass.swift; sourceTree = "<group>"; };
		A9CE76911B3CA7340072ABE0 /* MenstruationCycleDate.swift */ = {isa = PBXFileReference; fileEncoding = 4; lastKnownFileType = sourcecode.swift; path = MenstruationCycleDate.swift; sourceTree = "<group>"; };
		A9FB8DD01B41A07700FE484D /* CycleNotifications.swift */ = {isa = PBXFileReference; fileEncoding = 4; lastKnownFileType = sourcecode.swift; path = CycleNotifications.swift; sourceTree = "<group>"; };
		B804BDD271057CCFABFBA517 /* libPods.a */ = {isa = PBXFileReference; explicitFileType = archive.ar; includeInIndex = 0; path = libPods.a; sourceTree = BUILT_PRODUCTS_DIR; };
		BE14FAA6723F7968962D5266 /* Pods.debug.xcconfig */ = {isa = PBXFileReference; includeInIndex = 1; lastKnownFileType = text.xcconfig; name = Pods.debug.xcconfig; path = "Pods/Target Support Files/Pods/Pods.debug.xcconfig"; sourceTree = "<group>"; };
/* End PBXFileReference section */

/* Begin PBXFrameworksBuildPhase section */
		875096591B2887480002B5FB /* Frameworks */ = {
			isa = PBXFrameworksBuildPhase;
			buildActionMask = 2147483647;
			files = (
				4F2685D56465B54DABBEE9E4 /* libPods.a in Frameworks */,
			);
			runOnlyForDeploymentPostprocessing = 0;
		};
		8750966E1B2887480002B5FB /* Frameworks */ = {
			isa = PBXFrameworksBuildPhase;
			buildActionMask = 2147483647;
			files = (
			);
			runOnlyForDeploymentPostprocessing = 0;
		};
/* End PBXFrameworksBuildPhase section */

/* Begin PBXGroup section */
		33329DB8FA4D46C6695A3C14 /* Pods */ = {
			isa = PBXGroup;
			children = (
				BE14FAA6723F7968962D5266 /* Pods.debug.xcconfig */,
				A01E6E5F51A603DB338A4873 /* Pods.release.xcconfig */,
			);
			name = Pods;
			sourceTree = "<group>";
		};
		76C548C5BCC4DA38E0C9ECA6 /* Frameworks */ = {
			isa = PBXGroup;
			children = (
				872043EF1B2B0CB5001526AD /* CVCalendarKit.framework */,
				B804BDD271057CCFABFBA517 /* libPods.a */,
			);
			name = Frameworks;
			sourceTree = "<group>";
		};
		872043F11B2B1127001526AD /* Categories */ = {
			isa = PBXGroup;
			children = (
				872043F41B2B14B2001526AD /* CVCalendarKitExtensions.swift */,
				872043F51B2B14B2001526AD /* CVCalendarKitOperators.swift */,
			);
			name = Categories;
			sourceTree = "<group>";
		};
		875096531B2887480002B5FB = {
			isa = PBXGroup;
			children = (
				8750965E1B2887480002B5FB /* Eve */,
				875096741B2887480002B5FB /* EveTests */,
				8750965D1B2887480002B5FB /* Products */,
				33329DB8FA4D46C6695A3C14 /* Pods */,
				76C548C5BCC4DA38E0C9ECA6 /* Frameworks */,
			);
			sourceTree = "<group>";
		};
		8750965D1B2887480002B5FB /* Products */ = {
			isa = PBXGroup;
			children = (
				8750965C1B2887480002B5FB /* Eve.app */,
				875096711B2887480002B5FB /* EveTests.xctest */,
			);
			name = Products;
			sourceTree = "<group>";
		};
		8750965E1B2887480002B5FB /* Eve */ = {
			isa = PBXGroup;
			children = (
				872043F11B2B1127001526AD /* Categories */,
				875096611B2887480002B5FB /* AppDelegate.swift */,
				A9AE38741B44C3EB0028839A /* Main.storyboard */,
				A904228A1B3D5931000A015E /* ViewControllers */,
				A904228D1B3D5A2C000A015E /* Views */,
				A904228B1B3D5969000A015E /* Models */,
				A9C01E811B4449750038CC73 /* SubClasses */,
				A9C034D31B3991FF001F0F5A /* Constants.swift */,
				875096681B2887480002B5FB /* Images.xcassets */,
				8750966A1B2887480002B5FB /* LaunchScreen.xib */,
				8750965F1B2887480002B5FB /* Supporting Files */,
				8705FD6F1B28880200015A62 /* Eve-Bridging-Header.h */,
			);
			path = Eve;
			sourceTree = "<group>";
		};
		8750965F1B2887480002B5FB /* Supporting Files */ = {
			isa = PBXGroup;
			children = (
				875096601B2887480002B5FB /* Info.plist */,
			);
			name = "Supporting Files";
			sourceTree = "<group>";
		};
		875096741B2887480002B5FB /* EveTests */ = {
			isa = PBXGroup;
			children = (
				875096771B2887480002B5FB /* EveTests.swift */,
				875096751B2887480002B5FB /* Supporting Files */,
			);
			path = EveTests;
			sourceTree = "<group>";
		};
		875096751B2887480002B5FB /* Supporting Files */ = {
			isa = PBXGroup;
			children = (
				875096761B2887480002B5FB /* Info.plist */,
			);
			name = "Supporting Files";
			sourceTree = "<group>";
		};
		A904228A1B3D5931000A015E /* ViewControllers */ = {
			isa = PBXGroup;
			children = (
				A90F70741B3B6FD600F806D7 /* InitialCalendarViewController.swift */,
				A9C01E7D1B441D860038CC73 /* CalendarViewController.swift */,
				A9C01E7F1B443F380038CC73 /* DetailViewController.swift */,
				A96BB0A81B39E6DE005271C2 /* SettingsViewController.swift */,
			);
			name = ViewControllers;
			sourceTree = "<group>";
		};
		A904228B1B3D5969000A015E /* Models */ = {
			isa = PBXGroup;
			children = (
				A96BB0B01B3A39E8005271C2 /* SavedDataManager.swift */,
				A9FB8DD01B41A07700FE484D /* CycleNotifications.swift */,
				A9C034DB1B399E00001F0F5A /* CalendarClass.swift */,
				A9CE768F1B3C36410072ABE0 /* MenstrualCycleClass.swift */,
			);
			name = Models;
			sourceTree = "<group>";
		};
		A904228D1B3D5A2C000A015E /* Views */ = {
			isa = PBXGroup;
			children = (
				A90F70701B3B436A00F806D7 /* InstructionView.swift */,
				A9C034D11B399100001F0F5A /* CalendarCollectionView.swift */,
				A90F70781B3B88ED00F806D7 /* NewDateCell.swift */,
				A90F707A1B3BA03200F806D7 /* NewMonthReusableView.swift */,
			);
			name = Views;
			sourceTree = "<group>";
		};
		A9C01E811B4449750038CC73 /* SubClasses */ = {
			isa = PBXGroup;
			children = (
				A9CE76911B3CA7340072ABE0 /* MenstruationCycleDate.swift */,
				A9C034DD1B39B47F001F0F5A /* CalendarViewFlowLayout.swift */,
			);
			name = SubClasses;
			sourceTree = "<group>";
		};
/* End PBXGroup section */

/* Begin PBXNativeTarget section */
		8750965B1B2887480002B5FB /* Eve */ = {
			isa = PBXNativeTarget;
			buildConfigurationList = 8750967B1B2887480002B5FB /* Build configuration list for PBXNativeTarget "Eve" */;
			buildPhases = (
				4C829D19AEF79CD1797577CE /* Check Pods Manifest.lock */,
				875096581B2887480002B5FB /* Sources */,
				875096591B2887480002B5FB /* Frameworks */,
				8750965A1B2887480002B5FB /* Resources */,
				BE7D89CBC952917FD9C1F07B /* Copy Pods Resources */,
			);
			buildRules = (
			);
			dependencies = (
			);
			name = Eve;
			productName = Eve;
			productReference = 8750965C1B2887480002B5FB /* Eve.app */;
			productType = "com.apple.product-type.application";
		};
		875096701B2887480002B5FB /* EveTests */ = {
			isa = PBXNativeTarget;
			buildConfigurationList = 8750967E1B2887480002B5FB /* Build configuration list for PBXNativeTarget "EveTests" */;
			buildPhases = (
				8750966D1B2887480002B5FB /* Sources */,
				8750966E1B2887480002B5FB /* Frameworks */,
				8750966F1B2887480002B5FB /* Resources */,
			);
			buildRules = (
			);
			dependencies = (
				875096731B2887480002B5FB /* PBXTargetDependency */,
			);
			name = EveTests;
			productName = EveTests;
			productReference = 875096711B2887480002B5FB /* EveTests.xctest */;
			productType = "com.apple.product-type.bundle.unit-test";
		};
/* End PBXNativeTarget section */

/* Begin PBXProject section */
		875096541B2887480002B5FB /* Project object */ = {
			isa = PBXProject;
			attributes = {
				LastSwiftMigration = 0730;
				LastSwiftUpdateCheck = 0730;
				LastUpgradeCheck = 0730;
				ORGANIZATIONNAME = "Sangeeta van Beemen";
				TargetAttributes = {
					8750965B1B2887480002B5FB = {
						CreatedOnToolsVersion = 6.3.2;
						DevelopmentTeam = DV6MACWMG2;
					};
					875096701B2887480002B5FB = {
						CreatedOnToolsVersion = 6.3.2;
						TestTargetID = 8750965B1B2887480002B5FB;
					};
				};
			};
			buildConfigurationList = 875096571B2887480002B5FB /* Build configuration list for PBXProject "Eve" */;
			compatibilityVersion = "Xcode 3.2";
			developmentRegion = English;
			hasScannedForEncodings = 0;
			knownRegions = (
				en,
				Base,
			);
			mainGroup = 875096531B2887480002B5FB;
			productRefGroup = 8750965D1B2887480002B5FB /* Products */;
			projectDirPath = "";
			projectRoot = "";
			targets = (
				8750965B1B2887480002B5FB /* Eve */,
				875096701B2887480002B5FB /* EveTests */,
			);
		};
/* End PBXProject section */

/* Begin PBXResourcesBuildPhase section */
		8750965A1B2887480002B5FB /* Resources */ = {
			isa = PBXResourcesBuildPhase;
			buildActionMask = 2147483647;
			files = (
				8750966C1B2887480002B5FB /* LaunchScreen.xib in Resources */,
				A9AE38751B44C3EB0028839A /* Main.storyboard in Resources */,
				875096691B2887480002B5FB /* Images.xcassets in Resources */,
			);
			runOnlyForDeploymentPostprocessing = 0;
		};
		8750966F1B2887480002B5FB /* Resources */ = {
			isa = PBXResourcesBuildPhase;
			buildActionMask = 2147483647;
			files = (
			);
			runOnlyForDeploymentPostprocessing = 0;
		};
/* End PBXResourcesBuildPhase section */

/* Begin PBXShellScriptBuildPhase section */
		4C829D19AEF79CD1797577CE /* Check Pods Manifest.lock */ = {
			isa = PBXShellScriptBuildPhase;
			buildActionMask = 2147483647;
			files = (
			);
			inputPaths = (
			);
			name = "Check Pods Manifest.lock";
			outputPaths = (
			);
			runOnlyForDeploymentPostprocessing = 0;
			shellPath = /bin/sh;
			shellScript = "diff \"${PODS_ROOT}/../Podfile.lock\" \"${PODS_ROOT}/Manifest.lock\" > /dev/null\nif [[ $? != 0 ]] ; then\n    cat << EOM\nerror: The sandbox is not in sync with the Podfile.lock. Run 'pod install' or update your CocoaPods installation.\nEOM\n    exit 1\nfi\n";
			showEnvVarsInLog = 0;
		};
		BE7D89CBC952917FD9C1F07B /* Copy Pods Resources */ = {
			isa = PBXShellScriptBuildPhase;
			buildActionMask = 2147483647;
			files = (
			);
			inputPaths = (
			);
			name = "Copy Pods Resources";
			outputPaths = (
			);
			runOnlyForDeploymentPostprocessing = 0;
			shellPath = /bin/sh;
			shellScript = "\"${SRCROOT}/Pods/Target Support Files/Pods/Pods-resources.sh\"\n";
			showEnvVarsInLog = 0;
		};
/* End PBXShellScriptBuildPhase section */

/* Begin PBXSourcesBuildPhase section */
		875096581B2887480002B5FB /* Sources */ = {
			isa = PBXSourcesBuildPhase;
			buildActionMask = 2147483647;
			files = (
				A96BB0B11B3A39E8005271C2 /* SavedDataManager.swift in Sources */,
				A9C01E7E1B441D860038CC73 /* CalendarViewController.swift in Sources */,
				A9C01E801B443F380038CC73 /* DetailViewController.swift in Sources */,
				A9CE76901B3C36410072ABE0 /* MenstrualCycleClass.swift in Sources */,
				A9C034D21B399100001F0F5A /* CalendarCollectionView.swift in Sources */,
				872043F61B2B14B2001526AD /* CVCalendarKitExtensions.swift in Sources */,
				A96BB0A91B39E6DE005271C2 /* SettingsViewController.swift in Sources */,
				A9FB8DD11B41A07700FE484D /* CycleNotifications.swift in Sources */,
				A90F70791B3B88ED00F806D7 /* NewDateCell.swift in Sources */,
				A90F707B1B3BA03200F806D7 /* NewMonthReusableView.swift in Sources */,
				A9C034D41B3991FF001F0F5A /* Constants.swift in Sources */,
				A9C034DE1B39B47F001F0F5A /* CalendarViewFlowLayout.swift in Sources */,
				872043F71B2B14B2001526AD /* CVCalendarKitOperators.swift in Sources */,
				A9C034DC1B399E00001F0F5A /* CalendarClass.swift in Sources */,
				A9CE76921B3CA7340072ABE0 /* MenstruationCycleDate.swift in Sources */,
				A90F70751B3B6FD600F806D7 /* InitialCalendarViewController.swift in Sources */,
				A90F70711B3B436A00F806D7 /* InstructionView.swift in Sources */,
				875096621B2887480002B5FB /* AppDelegate.swift in Sources */,
			);
			runOnlyForDeploymentPostprocessing = 0;
		};
		8750966D1B2887480002B5FB /* Sources */ = {
			isa = PBXSourcesBuildPhase;
			buildActionMask = 2147483647;
			files = (
				875096781B2887480002B5FB /* EveTests.swift in Sources */,
			);
			runOnlyForDeploymentPostprocessing = 0;
		};
/* End PBXSourcesBuildPhase section */

/* Begin PBXTargetDependency section */
		875096731B2887480002B5FB /* PBXTargetDependency */ = {
			isa = PBXTargetDependency;
			target = 8750965B1B2887480002B5FB /* Eve */;
			targetProxy = 875096721B2887480002B5FB /* PBXContainerItemProxy */;
		};
/* End PBXTargetDependency section */

/* Begin PBXVariantGroup section */
		8750966A1B2887480002B5FB /* LaunchScreen.xib */ = {
			isa = PBXVariantGroup;
			children = (
				8750966B1B2887480002B5FB /* Base */,
			);
			name = LaunchScreen.xib;
			sourceTree = "<group>";
		};
/* End PBXVariantGroup section */

/* Begin XCBuildConfiguration section */
		875096791B2887480002B5FB /* Debug */ = {
			isa = XCBuildConfiguration;
			buildSettings = {
				ALWAYS_SEARCH_USER_PATHS = NO;
				CLANG_CXX_LANGUAGE_STANDARD = "gnu++0x";
				CLANG_CXX_LIBRARY = "libc++";
				CLANG_ENABLE_MODULES = YES;
				CLANG_ENABLE_OBJC_ARC = YES;
				CLANG_WARN_BOOL_CONVERSION = YES;
				CLANG_WARN_CONSTANT_CONVERSION = YES;
				CLANG_WARN_DIRECT_OBJC_ISA_USAGE = YES_ERROR;
				CLANG_WARN_EMPTY_BODY = YES;
				CLANG_WARN_ENUM_CONVERSION = YES;
				CLANG_WARN_INT_CONVERSION = YES;
				CLANG_WARN_OBJC_ROOT_CLASS = YES_ERROR;
				CLANG_WARN_UNREACHABLE_CODE = YES;
				CLANG_WARN__DUPLICATE_METHOD_MATCH = YES;
				"CODE_SIGN_IDENTITY[sdk=iphoneos*]" = "iPhone Developer";
				COPY_PHASE_STRIP = NO;
				DEBUG_INFORMATION_FORMAT = "dwarf-with-dsym";
				ENABLE_STRICT_OBJC_MSGSEND = YES;
				ENABLE_TESTABILITY = YES;
				GCC_C_LANGUAGE_STANDARD = gnu99;
				GCC_DYNAMIC_NO_PIC = NO;
				GCC_NO_COMMON_BLOCKS = YES;
				GCC_OPTIMIZATION_LEVEL = 0;
				GCC_PREPROCESSOR_DEFINITIONS = (
					"DEBUG=1",
					"$(inherited)",
				);
				GCC_SYMBOLS_PRIVATE_EXTERN = NO;
				GCC_WARN_64_TO_32_BIT_CONVERSION = YES;
				GCC_WARN_ABOUT_RETURN_TYPE = YES_ERROR;
				GCC_WARN_UNDECLARED_SELECTOR = YES;
				GCC_WARN_UNINITIALIZED_AUTOS = YES_AGGRESSIVE;
				GCC_WARN_UNUSED_FUNCTION = YES;
				GCC_WARN_UNUSED_VARIABLE = YES;
				IPHONEOS_DEPLOYMENT_TARGET = 8.3;
				MTL_ENABLE_DEBUG_INFO = YES;
				ONLY_ACTIVE_ARCH = YES;
				SDKROOT = iphoneos;
				SWIFT_OPTIMIZATION_LEVEL = "-Onone";
			};
			name = Debug;
		};
		8750967A1B2887480002B5FB /* Release */ = {
			isa = XCBuildConfiguration;
			buildSettings = {
				ALWAYS_SEARCH_USER_PATHS = NO;
				CLANG_CXX_LANGUAGE_STANDARD = "gnu++0x";
				CLANG_CXX_LIBRARY = "libc++";
				CLANG_ENABLE_MODULES = YES;
				CLANG_ENABLE_OBJC_ARC = YES;
				CLANG_WARN_BOOL_CONVERSION = YES;
				CLANG_WARN_CONSTANT_CONVERSION = YES;
				CLANG_WARN_DIRECT_OBJC_ISA_USAGE = YES_ERROR;
				CLANG_WARN_EMPTY_BODY = YES;
				CLANG_WARN_ENUM_CONVERSION = YES;
				CLANG_WARN_INT_CONVERSION = YES;
				CLANG_WARN_OBJC_ROOT_CLASS = YES_ERROR;
				CLANG_WARN_UNREACHABLE_CODE = YES;
				CLANG_WARN__DUPLICATE_METHOD_MATCH = YES;
				"CODE_SIGN_IDENTITY[sdk=iphoneos*]" = "iPhone Developer";
				COPY_PHASE_STRIP = NO;
				DEBUG_INFORMATION_FORMAT = "dwarf-with-dsym";
				ENABLE_NS_ASSERTIONS = NO;
				ENABLE_STRICT_OBJC_MSGSEND = YES;
				GCC_C_LANGUAGE_STANDARD = gnu99;
				GCC_NO_COMMON_BLOCKS = YES;
				GCC_WARN_64_TO_32_BIT_CONVERSION = YES;
				GCC_WARN_ABOUT_RETURN_TYPE = YES_ERROR;
				GCC_WARN_UNDECLARED_SELECTOR = YES;
				GCC_WARN_UNINITIALIZED_AUTOS = YES_AGGRESSIVE;
				GCC_WARN_UNUSED_FUNCTION = YES;
				GCC_WARN_UNUSED_VARIABLE = YES;
				IPHONEOS_DEPLOYMENT_TARGET = 8.3;
				MTL_ENABLE_DEBUG_INFO = NO;
				SDKROOT = iphoneos;
				VALIDATE_PRODUCT = YES;
			};
			name = Release;
		};
		8750967C1B2887480002B5FB /* Debug */ = {
			isa = XCBuildConfiguration;
			baseConfigurationReference = BE14FAA6723F7968962D5266 /* Pods.debug.xcconfig */;
			buildSettings = {
				ASSETCATALOG_COMPILER_APPICON_NAME = AppIcon;
				ASSETCATALOG_COMPILER_LAUNCHIMAGE_NAME = LaunchImage;
				CLANG_ENABLE_MODULES = YES;
				CODE_SIGN_IDENTITY = "iPhone Developer";
				"CODE_SIGN_IDENTITY[sdk=iphoneos*]" = "iPhone Developer";
				FRAMEWORK_SEARCH_PATHS = (
					"$(inherited)",
					"$(PROJECT_DIR)/build/Debug-iphoneos/Pods",
				);
				"FRAMEWORK_SEARCH_PATHS[arch=*]" = "";
				INFOPLIST_FILE = Eve/Info.plist;
				IPHONEOS_DEPLOYMENT_TARGET = 9.3;
				LD_RUNPATH_SEARCH_PATHS = "$(inherited) @executable_path/Frameworks";
				PRODUCT_BUNDLE_IDENTIFIER = "nl.mprog.$(PRODUCT_NAME:rfc1034identifier)";
				PRODUCT_NAME = "$(TARGET_NAME)";
				PROVISIONING_PROFILE = "";
				SWIFT_OBJC_BRIDGING_HEADER = "Eve/Eve-Bridging-Header.h";
				SWIFT_OPTIMIZATION_LEVEL = "-Onone";
			};
			name = Debug;
		};
		8750967D1B2887480002B5FB /* Release */ = {
			isa = XCBuildConfiguration;
			baseConfigurationReference = A01E6E5F51A603DB338A4873 /* Pods.release.xcconfig */;
			buildSettings = {
				ASSETCATALOG_COMPILER_APPICON_NAME = AppIcon;
				ASSETCATALOG_COMPILER_LAUNCHIMAGE_NAME = LaunchImage;
				CLANG_ENABLE_MODULES = YES;
				CODE_SIGN_IDENTITY = "iPhone Developer";
				"CODE_SIGN_IDENTITY[sdk=iphoneos*]" = "iPhone Developer";
				FRAMEWORK_SEARCH_PATHS = (
					"$(inherited)",
					"$(PROJECT_DIR)/build/Debug-iphoneos/Pods",
				);
				INFOPLIST_FILE = Eve/Info.plist;
				IPHONEOS_DEPLOYMENT_TARGET = 9.3;
				LD_RUNPATH_SEARCH_PATHS = "$(inherited) @executable_path/Frameworks";
				PRODUCT_BUNDLE_IDENTIFIER = "nl.mprog.$(PRODUCT_NAME:rfc1034identifier)";
				PRODUCT_NAME = "$(TARGET_NAME)";
				PROVISIONING_PROFILE = "";
				SWIFT_OBJC_BRIDGING_HEADER = "Eve/Eve-Bridging-Header.h";
			};
			name = Release;
		};
		8750967F1B2887480002B5FB /* Debug */ = {
			isa = XCBuildConfiguration;
			buildSettings = {
				BUNDLE_LOADER = "$(TEST_HOST)";
				FRAMEWORK_SEARCH_PATHS = (
					"$(SDKROOT)/Developer/Library/Frameworks",
					"$(inherited)",
				);
				GCC_PREPROCESSOR_DEFINITIONS = (
					"DEBUG=1",
					"$(inherited)",
				);
				INFOPLIST_FILE = EveTests/Info.plist;
				LD_RUNPATH_SEARCH_PATHS = "$(inherited) @executable_path/Frameworks @loader_path/Frameworks";
				PRODUCT_BUNDLE_IDENTIFIER = "nl.mprog.$(PRODUCT_NAME:rfc1034identifier)";
				PRODUCT_NAME = "$(TARGET_NAME)";
				TEST_HOST = "$(BUILT_PRODUCTS_DIR)/Eve.app/Eve";
			};
			name = Debug;
		};
		875096801B2887480002B5FB /* Release */ = {
			isa = XCBuildConfiguration;
			buildSettings = {
				BUNDLE_LOADER = "$(TEST_HOST)";
				FRAMEWORK_SEARCH_PATHS = (
					"$(SDKROOT)/Developer/Library/Frameworks",
					"$(inherited)",
				);
				INFOPLIST_FILE = EveTests/Info.plist;
				LD_RUNPATH_SEARCH_PATHS = "$(inherited) @executable_path/Frameworks @loader_path/Frameworks";
				PRODUCT_BUNDLE_IDENTIFIER = "nl.mprog.$(PRODUCT_NAME:rfc1034identifier)";
				PRODUCT_NAME = "$(TARGET_NAME)";
				TEST_HOST = "$(BUILT_PRODUCTS_DIR)/Eve.app/Eve";
			};
			name = Release;
		};
/* End XCBuildConfiguration section */

/* Begin XCConfigurationList section */
		875096571B2887480002B5FB /* Build configuration list for PBXProject "Eve" */ = {
			isa = XCConfigurationList;
			buildConfigurations = (
				875096791B2887480002B5FB /* Debug */,
				8750967A1B2887480002B5FB /* Release */,
			);
			defaultConfigurationIsVisible = 0;
			defaultConfigurationName = Release;
		};
		8750967B1B2887480002B5FB /* Build configuration list for PBXNativeTarget "Eve" */ = {
			isa = XCConfigurationList;
			buildConfigurations = (
				8750967C1B2887480002B5FB /* Debug */,
				8750967D1B2887480002B5FB /* Release */,
			);
			defaultConfigurationIsVisible = 0;
			defaultConfigurationName = Release;
		};
		8750967E1B2887480002B5FB /* Build configuration list for PBXNativeTarget "EveTests" */ = {
			isa = XCConfigurationList;
			buildConfigurations = (
				8750967F1B2887480002B5FB /* Debug */,
				875096801B2887480002B5FB /* Release */,
			);
			defaultConfigurationIsVisible = 0;
			defaultConfigurationName = Release;
		};
/* End XCConfigurationList section */
	};
	rootObject = 875096541B2887480002B5FB /* Project object */;
}
